// !$*UTF8*$!
{
	archiveVersion = 1;
	classes = {
	};
	objectVersion = 56;
	objects = {

/* Begin PBXBuildFile section */
		841406152BD126BD00F4D73C /* ShopViewModal.swift in Sources */ = {isa = PBXBuildFile; fileRef = 841406142BD126BD00F4D73C /* ShopViewModal.swift */; };
		841406172BD1501C00F4D73C /* video.mp4 in Resources */ = {isa = PBXBuildFile; fileRef = 841406162BD1501C00F4D73C /* video.mp4 */; };
		8414061D2BD240CD00F4D73C /* sportson.ttf in Resources */ = {isa = PBXBuildFile; fileRef = 841406182BD240CD00F4D73C /* sportson.ttf */; };
		8414061E2BD240CD00F4D73C /* FSEmericWeb-CoreItalic.ttf in Resources */ = {isa = PBXBuildFile; fileRef = 841406192BD240CD00F4D73C /* FSEmericWeb-CoreItalic.ttf */; };
		8414061F2BD240CD00F4D73C /* FSEmericWeb-Book.ttf in Resources */ = {isa = PBXBuildFile; fileRef = 8414061A2BD240CD00F4D73C /* FSEmericWeb-Book.ttf */; };
		841406202BD240CD00F4D73C /* FSEmericWeb-Core.ttf in Resources */ = {isa = PBXBuildFile; fileRef = 8414061B2BD240CD00F4D73C /* FSEmericWeb-Core.ttf */; };
		841406212BD240CD00F4D73C /* FSEmericWeb-Medium.ttf in Resources */ = {isa = PBXBuildFile; fileRef = 8414061C2BD240CD00F4D73C /* FSEmericWeb-Medium.ttf */; };
		841406242BD241EF00F4D73C /* Font+Extension.swift in Sources */ = {isa = PBXBuildFile; fileRef = 841406232BD241EF00F4D73C /* Font+Extension.swift */; };
		841406262BD25FB900F4D73C /* RoundedCardModifier.swift in Sources */ = {isa = PBXBuildFile; fileRef = 841406252BD25FB900F4D73C /* RoundedCardModifier.swift */; };
		841406282BD27C0F00F4D73C /* MyBikeModal.swift in Sources */ = {isa = PBXBuildFile; fileRef = 841406272BD27C0F00F4D73C /* MyBikeModal.swift */; };
		8414062A2BD28C5300F4D73C /* DottedLine.swift in Sources */ = {isa = PBXBuildFile; fileRef = 841406292BD28C5300F4D73C /* DottedLine.swift */; };
		841406612BD786BC00F4D73C /* SportsonClipApp.swift in Sources */ = {isa = PBXBuildFile; fileRef = 841406602BD786BC00F4D73C /* SportsonClipApp.swift */; };
		841406632BD786BC00F4D73C /* ContentView.swift in Sources */ = {isa = PBXBuildFile; fileRef = 841406622BD786BC00F4D73C /* ContentView.swift */; };
		841406652BD786BD00F4D73C /* Assets.xcassets in Resources */ = {isa = PBXBuildFile; fileRef = 841406642BD786BD00F4D73C /* Assets.xcassets */; };
		841406682BD786BD00F4D73C /* Preview Assets.xcassets in Resources */ = {isa = PBXBuildFile; fileRef = 841406672BD786BD00F4D73C /* Preview Assets.xcassets */; };
		8414066D2BD786BD00F4D73C /* SportsonClip.app in Embed App Clips */ = {isa = PBXBuildFile; fileRef = 8414065E2BD786BC00F4D73C /* SportsonClip.app */; settings = {ATTRIBUTES = (RemoveHeadersOnCopy, ); }; };
		841406722BD7875A00F4D73C /* Core in Frameworks */ = {isa = PBXBuildFile; productRef = 841406712BD7875A00F4D73C /* Core */; };
		841406742BD7875F00F4D73C /* ShortcutFoundation in Frameworks */ = {isa = PBXBuildFile; productRef = 841406732BD7875F00F4D73C /* ShortcutFoundation */; };
		841406752BD7879A00F4D73C /* MyBicycleView.swift in Sources */ = {isa = PBXBuildFile; fileRef = 845DE3FE2BCE9A10006BFFC7 /* MyBicycleView.swift */; };
		841406762BD787B100F4D73C /* BackgroundModifier.swift in Sources */ = {isa = PBXBuildFile; fileRef = 848690C02BCFE2AC0079FE74 /* BackgroundModifier.swift */; };
		841406782BD787B700F4D73C /* RoundedCardModifier.swift in Sources */ = {isa = PBXBuildFile; fileRef = 841406252BD25FB900F4D73C /* RoundedCardModifier.swift */; };
		841406792BD787C700F4D73C /* FSEmericWeb-Book.ttf in Resources */ = {isa = PBXBuildFile; fileRef = 8414061A2BD240CD00F4D73C /* FSEmericWeb-Book.ttf */; };
		8414067A2BD787CA00F4D73C /* FSEmericWeb-Core.ttf in Resources */ = {isa = PBXBuildFile; fileRef = 8414061B2BD240CD00F4D73C /* FSEmericWeb-Core.ttf */; };
		8414067B2BD787CD00F4D73C /* FSEmericWeb-CoreItalic.ttf in Resources */ = {isa = PBXBuildFile; fileRef = 841406192BD240CD00F4D73C /* FSEmericWeb-CoreItalic.ttf */; };
		8414067C2BD787CF00F4D73C /* FSEmericWeb-Medium.ttf in Resources */ = {isa = PBXBuildFile; fileRef = 8414061C2BD240CD00F4D73C /* FSEmericWeb-Medium.ttf */; };
		8414067D2BD787D200F4D73C /* sportson.ttf in Resources */ = {isa = PBXBuildFile; fileRef = 841406182BD240CD00F4D73C /* sportson.ttf */; };
		8414067E2BD787DB00F4D73C /* CapsuleButtonYellowStyle.swift in Sources */ = {isa = PBXBuildFile; fileRef = 848690C42BCFE4FF0079FE74 /* CapsuleButtonYellowStyle.swift */; };
		8414067F2BD787EA00F4D73C /* Color+Extensions.swift in Sources */ = {isa = PBXBuildFile; fileRef = 848690B82BCFBF690079FE74 /* Color+Extensions.swift */; };
		841406802BD787EF00F4D73C /* Font+Extension.swift in Sources */ = {isa = PBXBuildFile; fileRef = 841406232BD241EF00F4D73C /* Font+Extension.swift */; };
		841406812BD787F700F4D73C /* NotificationCenter+Extension.swift in Sources */ = {isa = PBXBuildFile; fileRef = 848690BD2BCFC1020079FE74 /* NotificationCenter+Extension.swift */; };
		841406822BD787FA00F4D73C /* Notificationcenter.Name+Extension.swift in Sources */ = {isa = PBXBuildFile; fileRef = 848690BB2BCFBFF80079FE74 /* Notificationcenter.Name+Extension.swift */; };
		841406832BD7880B00F4D73C /* DottedLine.swift in Sources */ = {isa = PBXBuildFile; fileRef = 841406292BD28C5300F4D73C /* DottedLine.swift */; };
		841406852BD78A7B00F4D73C /* SportsonClipModel.swift in Sources */ = {isa = PBXBuildFile; fileRef = 841406842BD78A7B00F4D73C /* SportsonClipModel.swift */; };
		841406882BD7AACE00F4D73C /* AppClipConfig.swift in Sources */ = {isa = PBXBuildFile; fileRef = 841406872BD7AACE00F4D73C /* AppClipConfig.swift */; };
		841406892BD7B45E00F4D73C /* Assets.xcassets in Resources */ = {isa = PBXBuildFile; fileRef = 845DE3EF2BCD187F006BFFC7 /* Assets.xcassets */; };
		8414068A2BD7B46200F4D73C /* Images.xcassets in Resources */ = {isa = PBXBuildFile; fileRef = 84B292442BCFAFA700FD65C0 /* Images.xcassets */; };
		8414068B2BD7B66700F4D73C /* MyBikeModal.swift in Sources */ = {isa = PBXBuildFile; fileRef = 841406272BD27C0F00F4D73C /* MyBikeModal.swift */; };
		84485C1F2BEB7E4200372EC3 /* BookServiceModal.swift in Sources */ = {isa = PBXBuildFile; fileRef = 84485C1E2BEB7E4200372EC3 /* BookServiceModal.swift */; };
		84485C202BEB7E4200372EC3 /* BookServiceModal.swift in Sources */ = {isa = PBXBuildFile; fileRef = 84485C1E2BEB7E4200372EC3 /* BookServiceModal.swift */; };
		84485C222BF0E5B500372EC3 /* BookingViewModel.swift in Sources */ = {isa = PBXBuildFile; fileRef = 84485C212BF0E5B500372EC3 /* BookingViewModel.swift */; };
		84485C232BF0E5B500372EC3 /* BookingViewModel.swift in Sources */ = {isa = PBXBuildFile; fileRef = 84485C212BF0E5B500372EC3 /* BookingViewModel.swift */; };
		84485C822BF3514800372EC3 /* NotificationManager.swift in Sources */ = {isa = PBXBuildFile; fileRef = 84485C812BF3514800372EC3 /* NotificationManager.swift */; };
		84485C832BF3514800372EC3 /* NotificationManager.swift in Sources */ = {isa = PBXBuildFile; fileRef = 84485C812BF3514800372EC3 /* NotificationManager.swift */; };
		8458909E2BD7E32B00270B9E /* ShortcutUI in Frameworks */ = {isa = PBXBuildFile; productRef = 8458909D2BD7E32B00270B9E /* ShortcutUI */; };
		845890A12BD8EFE200270B9E /* FakeNavbarClip.swift in Sources */ = {isa = PBXBuildFile; fileRef = 8458909F2BD8EFB200270B9E /* FakeNavbarClip.swift */; };
		845890A22BD8F1F200270B9E /* FakeNavBar.swift in Sources */ = {isa = PBXBuildFile; fileRef = 848690C62BCFF3640079FE74 /* FakeNavBar.swift */; };
		845890A32BD8F1F400270B9E /* FakeNavbarClip.swift in Sources */ = {isa = PBXBuildFile; fileRef = 8458909F2BD8EFB200270B9E /* FakeNavbarClip.swift */; };
		845DE3EC2BCD187E006BFFC7 /* Sportson_POCApp.swift in Sources */ = {isa = PBXBuildFile; fileRef = 845DE3EB2BCD187E006BFFC7 /* Sportson_POCApp.swift */; };
		845DE3EE2BCD187E006BFFC7 /* ContentView.swift in Sources */ = {isa = PBXBuildFile; fileRef = 845DE3ED2BCD187E006BFFC7 /* ContentView.swift */; };
		845DE3F02BCD187F006BFFC7 /* Assets.xcassets in Resources */ = {isa = PBXBuildFile; fileRef = 845DE3EF2BCD187F006BFFC7 /* Assets.xcassets */; };
		845DE3F32BCD187F006BFFC7 /* Preview Assets.xcassets in Resources */ = {isa = PBXBuildFile; fileRef = 845DE3F22BCD187F006BFFC7 /* Preview Assets.xcassets */; };
		845DE3FB2BCE99C2006BFFC7 /* LoginView.swift in Sources */ = {isa = PBXBuildFile; fileRef = 845DE3FA2BCE99C2006BFFC7 /* LoginView.swift */; };
		845DE3FF2BCE9A10006BFFC7 /* MyBicycleView.swift in Sources */ = {isa = PBXBuildFile; fileRef = 845DE3FE2BCE9A10006BFFC7 /* MyBicycleView.swift */; };
		845DE4012BCE9A5D006BFFC7 /* MainStoreView.swift in Sources */ = {isa = PBXBuildFile; fileRef = 845DE4002BCE9A5D006BFFC7 /* MainStoreView.swift */; };
		845DE4032BCE9A83006BFFC7 /* ProfileView.swift in Sources */ = {isa = PBXBuildFile; fileRef = 845DE4022BCE9A83006BFFC7 /* ProfileView.swift */; };
		845DE4092BCE9C66006BFFC7 /* ShortcutUI in Frameworks */ = {isa = PBXBuildFile; productRef = 845DE4082BCE9C66006BFFC7 /* ShortcutUI */; };
		845DE40C2BCE9FC6006BFFC7 /* AppConfig.swift in Sources */ = {isa = PBXBuildFile; fileRef = 845DE40B2BCE9FC6006BFFC7 /* AppConfig.swift */; };
		845DE4112BCEAB1B006BFFC7 /* TabBarView.swift in Sources */ = {isa = PBXBuildFile; fileRef = 845DE4102BCEAB1B006BFFC7 /* TabBarView.swift */; };
		845DE4142BCEAB8E006BFFC7 /* TabBarViewModel.swift in Sources */ = {isa = PBXBuildFile; fileRef = 845DE4132BCEAB8E006BFFC7 /* TabBarViewModel.swift */; };
		848690BA2BCFBF690079FE74 /* Color+Extensions.swift in Sources */ = {isa = PBXBuildFile; fileRef = 848690B82BCFBF690079FE74 /* Color+Extensions.swift */; };
		848690BC2BCFBFF80079FE74 /* Notificationcenter.Name+Extension.swift in Sources */ = {isa = PBXBuildFile; fileRef = 848690BB2BCFBFF80079FE74 /* Notificationcenter.Name+Extension.swift */; };
		848690BE2BCFC1020079FE74 /* NotificationCenter+Extension.swift in Sources */ = {isa = PBXBuildFile; fileRef = 848690BD2BCFC1020079FE74 /* NotificationCenter+Extension.swift */; };
		848690C12BCFE2AC0079FE74 /* BackgroundModifier.swift in Sources */ = {isa = PBXBuildFile; fileRef = 848690C02BCFE2AC0079FE74 /* BackgroundModifier.swift */; };
		848690C52BCFE4FF0079FE74 /* CapsuleButtonYellowStyle.swift in Sources */ = {isa = PBXBuildFile; fileRef = 848690C42BCFE4FF0079FE74 /* CapsuleButtonYellowStyle.swift */; };
		848690C72BCFF3640079FE74 /* FakeNavBar.swift in Sources */ = {isa = PBXBuildFile; fileRef = 848690C62BCFF3640079FE74 /* FakeNavBar.swift */; };
		848690CA2BD1097E0079FE74 /* CategoryView.swift in Sources */ = {isa = PBXBuildFile; fileRef = 848690C92BD1097E0079FE74 /* CategoryView.swift */; };
		84B292412BCFAC2B00FD65C0 /* ShortcutFoundation in Frameworks */ = {isa = PBXBuildFile; productRef = 84B292402BCFAC2B00FD65C0 /* ShortcutFoundation */; };
		84B292432BCFACA700FD65C0 /* Core in Frameworks */ = {isa = PBXBuildFile; productRef = 84B292422BCFACA700FD65C0 /* Core */; };
		84B292452BCFAFA700FD65C0 /* Images.xcassets in Resources */ = {isa = PBXBuildFile; fileRef = 84B292442BCFAFA700FD65C0 /* Images.xcassets */; };
/* End PBXBuildFile section */

/* Begin PBXContainerItemProxy section */
		8414066B2BD786BD00F4D73C /* PBXContainerItemProxy */ = {
			isa = PBXContainerItemProxy;
			containerPortal = 845DE3E02BCD187E006BFFC7 /* Project object */;
			proxyType = 1;
			remoteGlobalIDString = 8414065D2BD786BC00F4D73C;
			remoteInfo = SportsonClip;
		};
/* End PBXContainerItemProxy section */

/* Begin PBXCopyFilesBuildPhase section */
		841406422BD7861800F4D73C /* Embed App Clips */ = {
			isa = PBXCopyFilesBuildPhase;
			buildActionMask = 2147483647;
			dstPath = "$(CONTENTS_FOLDER_PATH)/AppClips";
			dstSubfolderSpec = 16;
			files = (
				8414066D2BD786BD00F4D73C /* SportsonClip.app in Embed App Clips */,
			);
			name = "Embed App Clips";
			runOnlyForDeploymentPostprocessing = 0;
		};
/* End PBXCopyFilesBuildPhase section */

/* Begin PBXFileReference section */
		841406142BD126BD00F4D73C /* ShopViewModal.swift */ = {isa = PBXFileReference; lastKnownFileType = sourcecode.swift; path = ShopViewModal.swift; sourceTree = "<group>"; };
		841406162BD1501C00F4D73C /* video.mp4 */ = {isa = PBXFileReference; lastKnownFileType = file; path = video.mp4; sourceTree = "<group>"; };
		841406182BD240CD00F4D73C /* sportson.ttf */ = {isa = PBXFileReference; lastKnownFileType = file; path = sportson.ttf; sourceTree = "<group>"; };
		841406192BD240CD00F4D73C /* FSEmericWeb-CoreItalic.ttf */ = {isa = PBXFileReference; lastKnownFileType = file; path = "FSEmericWeb-CoreItalic.ttf"; sourceTree = "<group>"; };
		8414061A2BD240CD00F4D73C /* FSEmericWeb-Book.ttf */ = {isa = PBXFileReference; lastKnownFileType = file; path = "FSEmericWeb-Book.ttf"; sourceTree = "<group>"; };
		8414061B2BD240CD00F4D73C /* FSEmericWeb-Core.ttf */ = {isa = PBXFileReference; lastKnownFileType = file; path = "FSEmericWeb-Core.ttf"; sourceTree = "<group>"; };
		8414061C2BD240CD00F4D73C /* FSEmericWeb-Medium.ttf */ = {isa = PBXFileReference; lastKnownFileType = file; path = "FSEmericWeb-Medium.ttf"; sourceTree = "<group>"; };
		841406222BD2412C00F4D73C /* Sportson-POC-Info.plist */ = {isa = PBXFileReference; lastKnownFileType = text.plist; path = "Sportson-POC-Info.plist"; sourceTree = SOURCE_ROOT; };
		841406232BD241EF00F4D73C /* Font+Extension.swift */ = {isa = PBXFileReference; lastKnownFileType = sourcecode.swift; path = "Font+Extension.swift"; sourceTree = "<group>"; };
		841406252BD25FB900F4D73C /* RoundedCardModifier.swift */ = {isa = PBXFileReference; lastKnownFileType = sourcecode.swift; path = RoundedCardModifier.swift; sourceTree = "<group>"; };
		841406272BD27C0F00F4D73C /* MyBikeModal.swift */ = {isa = PBXFileReference; lastKnownFileType = sourcecode.swift; path = MyBikeModal.swift; sourceTree = "<group>"; };
		841406292BD28C5300F4D73C /* DottedLine.swift */ = {isa = PBXFileReference; lastKnownFileType = sourcecode.swift; path = DottedLine.swift; sourceTree = "<group>"; };
		8414065E2BD786BC00F4D73C /* SportsonClip.app */ = {isa = PBXFileReference; explicitFileType = wrapper.application; includeInIndex = 0; path = SportsonClip.app; sourceTree = BUILT_PRODUCTS_DIR; };
		841406602BD786BC00F4D73C /* SportsonClipApp.swift */ = {isa = PBXFileReference; lastKnownFileType = sourcecode.swift; path = SportsonClipApp.swift; sourceTree = "<group>"; };
		841406622BD786BC00F4D73C /* ContentView.swift */ = {isa = PBXFileReference; lastKnownFileType = sourcecode.swift; path = ContentView.swift; sourceTree = "<group>"; };
		841406642BD786BD00F4D73C /* Assets.xcassets */ = {isa = PBXFileReference; lastKnownFileType = folder.assetcatalog; path = Assets.xcassets; sourceTree = "<group>"; };
		841406672BD786BD00F4D73C /* Preview Assets.xcassets */ = {isa = PBXFileReference; lastKnownFileType = folder.assetcatalog; path = "Preview Assets.xcassets"; sourceTree = "<group>"; };
		841406692BD786BD00F4D73C /* Info.plist */ = {isa = PBXFileReference; lastKnownFileType = text.plist.xml; path = Info.plist; sourceTree = "<group>"; };
		8414066A2BD786BD00F4D73C /* SportsonClip.entitlements */ = {isa = PBXFileReference; lastKnownFileType = text.plist.entitlements; path = SportsonClip.entitlements; sourceTree = "<group>"; };
		841406842BD78A7B00F4D73C /* SportsonClipModel.swift */ = {isa = PBXFileReference; lastKnownFileType = sourcecode.swift; path = SportsonClipModel.swift; sourceTree = "<group>"; };
		841406872BD7AACE00F4D73C /* AppClipConfig.swift */ = {isa = PBXFileReference; lastKnownFileType = sourcecode.swift; path = AppClipConfig.swift; sourceTree = "<group>"; };
		84485C1E2BEB7E4200372EC3 /* BookServiceModal.swift */ = {isa = PBXFileReference; lastKnownFileType = sourcecode.swift; path = BookServiceModal.swift; sourceTree = "<group>"; };
		84485C212BF0E5B500372EC3 /* BookingViewModel.swift */ = {isa = PBXFileReference; lastKnownFileType = sourcecode.swift; path = BookingViewModel.swift; sourceTree = "<group>"; };
		84485C812BF3514800372EC3 /* NotificationManager.swift */ = {isa = PBXFileReference; fileEncoding = 4; lastKnownFileType = sourcecode.swift; path = NotificationManager.swift; sourceTree = "<group>"; };
		8458909C2BD7C50900270B9E /* Sportson-POC.entitlements */ = {isa = PBXFileReference; lastKnownFileType = text.plist.entitlements; path = "Sportson-POC.entitlements"; sourceTree = "<group>"; };
		8458909F2BD8EFB200270B9E /* FakeNavbarClip.swift */ = {isa = PBXFileReference; lastKnownFileType = sourcecode.swift; path = FakeNavbarClip.swift; sourceTree = "<group>"; };
		845DE3E82BCD187E006BFFC7 /* Sportson POC.app */ = {isa = PBXFileReference; explicitFileType = wrapper.application; includeInIndex = 0; path = "Sportson POC.app"; sourceTree = BUILT_PRODUCTS_DIR; };
		845DE3EB2BCD187E006BFFC7 /* Sportson_POCApp.swift */ = {isa = PBXFileReference; lastKnownFileType = sourcecode.swift; path = Sportson_POCApp.swift; sourceTree = "<group>"; };
		845DE3ED2BCD187E006BFFC7 /* ContentView.swift */ = {isa = PBXFileReference; lastKnownFileType = sourcecode.swift; path = ContentView.swift; sourceTree = "<group>"; };
		845DE3EF2BCD187F006BFFC7 /* Assets.xcassets */ = {isa = PBXFileReference; lastKnownFileType = folder.assetcatalog; path = Assets.xcassets; sourceTree = "<group>"; };
		845DE3F22BCD187F006BFFC7 /* Preview Assets.xcassets */ = {isa = PBXFileReference; lastKnownFileType = folder.assetcatalog; path = "Preview Assets.xcassets"; sourceTree = "<group>"; };
		845DE3FA2BCE99C2006BFFC7 /* LoginView.swift */ = {isa = PBXFileReference; lastKnownFileType = sourcecode.swift; path = LoginView.swift; sourceTree = "<group>"; };
		845DE3FE2BCE9A10006BFFC7 /* MyBicycleView.swift */ = {isa = PBXFileReference; lastKnownFileType = sourcecode.swift; path = MyBicycleView.swift; sourceTree = "<group>"; };
		845DE4002BCE9A5D006BFFC7 /* MainStoreView.swift */ = {isa = PBXFileReference; lastKnownFileType = sourcecode.swift; path = MainStoreView.swift; sourceTree = "<group>"; };
		845DE4022BCE9A83006BFFC7 /* ProfileView.swift */ = {isa = PBXFileReference; lastKnownFileType = sourcecode.swift; path = ProfileView.swift; sourceTree = "<group>"; };
		845DE40A2BCE9E46006BFFC7 /* Core */ = {isa = PBXFileReference; lastKnownFileType = wrapper; name = Core; path = ../../Core; sourceTree = "<group>"; };
		845DE40B2BCE9FC6006BFFC7 /* AppConfig.swift */ = {isa = PBXFileReference; lastKnownFileType = sourcecode.swift; path = AppConfig.swift; sourceTree = "<group>"; };
		845DE4102BCEAB1B006BFFC7 /* TabBarView.swift */ = {isa = PBXFileReference; lastKnownFileType = sourcecode.swift; path = TabBarView.swift; sourceTree = "<group>"; };
		845DE4132BCEAB8E006BFFC7 /* TabBarViewModel.swift */ = {isa = PBXFileReference; lastKnownFileType = sourcecode.swift; path = TabBarViewModel.swift; sourceTree = "<group>"; };
		848690B82BCFBF690079FE74 /* Color+Extensions.swift */ = {isa = PBXFileReference; fileEncoding = 4; lastKnownFileType = sourcecode.swift; path = "Color+Extensions.swift"; sourceTree = "<group>"; };
		848690BB2BCFBFF80079FE74 /* Notificationcenter.Name+Extension.swift */ = {isa = PBXFileReference; lastKnownFileType = sourcecode.swift; path = "Notificationcenter.Name+Extension.swift"; sourceTree = "<group>"; };
		848690BD2BCFC1020079FE74 /* NotificationCenter+Extension.swift */ = {isa = PBXFileReference; lastKnownFileType = sourcecode.swift; path = "NotificationCenter+Extension.swift"; sourceTree = "<group>"; };
		848690C02BCFE2AC0079FE74 /* BackgroundModifier.swift */ = {isa = PBXFileReference; lastKnownFileType = sourcecode.swift; path = BackgroundModifier.swift; sourceTree = "<group>"; };
		848690C42BCFE4FF0079FE74 /* CapsuleButtonYellowStyle.swift */ = {isa = PBXFileReference; lastKnownFileType = sourcecode.swift; path = CapsuleButtonYellowStyle.swift; sourceTree = "<group>"; };
		848690C62BCFF3640079FE74 /* FakeNavBar.swift */ = {isa = PBXFileReference; lastKnownFileType = sourcecode.swift; path = FakeNavBar.swift; sourceTree = "<group>"; };
		848690C92BD1097E0079FE74 /* CategoryView.swift */ = {isa = PBXFileReference; lastKnownFileType = sourcecode.swift; path = CategoryView.swift; sourceTree = "<group>"; };
		84B292442BCFAFA700FD65C0 /* Images.xcassets */ = {isa = PBXFileReference; lastKnownFileType = folder.assetcatalog; path = Images.xcassets; sourceTree = "<group>"; };
/* End PBXFileReference section */

/* Begin PBXFrameworksBuildPhase section */
		8414065B2BD786BC00F4D73C /* Frameworks */ = {
			isa = PBXFrameworksBuildPhase;
			buildActionMask = 2147483647;
			files = (
				8458909E2BD7E32B00270B9E /* ShortcutUI in Frameworks */,
				841406722BD7875A00F4D73C /* Core in Frameworks */,
				841406742BD7875F00F4D73C /* ShortcutFoundation in Frameworks */,
			);
			runOnlyForDeploymentPostprocessing = 0;
		};
		845DE3E52BCD187E006BFFC7 /* Frameworks */ = {
			isa = PBXFrameworksBuildPhase;
			buildActionMask = 2147483647;
			files = (
				845DE4092BCE9C66006BFFC7 /* ShortcutUI in Frameworks */,
				84B292412BCFAC2B00FD65C0 /* ShortcutFoundation in Frameworks */,
				84B292432BCFACA700FD65C0 /* Core in Frameworks */,
			);
			runOnlyForDeploymentPostprocessing = 0;
		};
/* End PBXFrameworksBuildPhase section */

/* Begin PBXGroup section */
		841406132BD126A500F4D73C /* Modals */ = {
			isa = PBXGroup;
			children = (
				841406142BD126BD00F4D73C /* ShopViewModal.swift */,
				841406272BD27C0F00F4D73C /* MyBikeModal.swift */,
				84485C1E2BEB7E4200372EC3 /* BookServiceModal.swift */,
			);
			path = Modals;
			sourceTree = "<group>";
		};
		8414065F2BD786BC00F4D73C /* SportsonClip */ = {
			isa = PBXGroup;
			children = (
				841406602BD786BC00F4D73C /* SportsonClipApp.swift */,
				841406872BD7AACE00F4D73C /* AppClipConfig.swift */,
				841406842BD78A7B00F4D73C /* SportsonClipModel.swift */,
				841406622BD786BC00F4D73C /* ContentView.swift */,
				841406642BD786BD00F4D73C /* Assets.xcassets */,
				841406692BD786BD00F4D73C /* Info.plist */,
				8414066A2BD786BD00F4D73C /* SportsonClip.entitlements */,
				841406662BD786BD00F4D73C /* Preview Content */,
			);
			path = SportsonClip;
			sourceTree = "<group>";
		};
		841406662BD786BD00F4D73C /* Preview Content */ = {
			isa = PBXGroup;
			children = (
				841406672BD786BD00F4D73C /* Preview Assets.xcassets */,
			);
			path = "Preview Content";
			sourceTree = "<group>";
		};
		845DE3DF2BCD187E006BFFC7 = {
			isa = PBXGroup;
			children = (
				845DE3EA2BCD187E006BFFC7 /* Sportson POC */,
				8414065F2BD786BC00F4D73C /* SportsonClip */,
				845DE3E92BCD187E006BFFC7 /* Products */,
				845DE4152BCEB0D5006BFFC7 /* Frameworks */,
			);
			sourceTree = "<group>";
		};
		845DE3E92BCD187E006BFFC7 /* Products */ = {
			isa = PBXGroup;
			children = (
				845DE3E82BCD187E006BFFC7 /* Sportson POC.app */,
				8414065E2BD786BC00F4D73C /* SportsonClip.app */,
			);
			name = Products;
			sourceTree = "<group>";
		};
		845DE3EA2BCD187E006BFFC7 /* Sportson POC */ = {
			isa = PBXGroup;
			children = (
				841406222BD2412C00F4D73C /* Sportson-POC-Info.plist */,
				8458909C2BD7C50900270B9E /* Sportson-POC.entitlements */,
				845DE40A2BCE9E46006BFFC7 /* Core */,
				845DE3EB2BCD187E006BFFC7 /* Sportson_POCApp.swift */,
				845DE40B2BCE9FC6006BFFC7 /* AppConfig.swift */,
				84485C812BF3514800372EC3 /* NotificationManager.swift */,
				845DE3F92BCE99A8006BFFC7 /* Views */,
				845DE4122BCEAB58006BFFC7 /* ViewModels */,
				848690BF2BCFE2710079FE74 /* ViewModifiers */,
				848690B92BCFBF690079FE74 /* Extensions */,
				848690C32BCFE4CD0079FE74 /* Styles */,
				845DE4182BCEBBF8006BFFC7 /* Fonts */,
				848690C22BCFE4820079FE74 /* Images */,
				845DE3F12BCD187F006BFFC7 /* Preview Content */,
			);
			path = "Sportson POC";
			sourceTree = "<group>";
		};
		845DE3F12BCD187F006BFFC7 /* Preview Content */ = {
			isa = PBXGroup;
			children = (
				845DE3F22BCD187F006BFFC7 /* Preview Assets.xcassets */,
			);
			path = "Preview Content";
			sourceTree = "<group>";
		};
		845DE3F92BCE99A8006BFFC7 /* Views */ = {
			isa = PBXGroup;
			children = (
				845DE3ED2BCD187E006BFFC7 /* ContentView.swift */,
				845DE4102BCEAB1B006BFFC7 /* TabBarView.swift */,
				841406132BD126A500F4D73C /* Modals */,
				848690C82BD109430079FE74 /* Subviews */,
				845DE40D2BCEAA85006BFFC7 /* Login */,
				845DE40F2BCEAAB5006BFFC7 /* Tabs */,
			);
			path = Views;
			sourceTree = "<group>";
		};
		845DE40D2BCEAA85006BFFC7 /* Login */ = {
			isa = PBXGroup;
			children = (
				845DE3FA2BCE99C2006BFFC7 /* LoginView.swift */,
			);
			path = Login;
			sourceTree = "<group>";
		};
		845DE40F2BCEAAB5006BFFC7 /* Tabs */ = {
			isa = PBXGroup;
			children = (
				845DE3FE2BCE9A10006BFFC7 /* MyBicycleView.swift */,
				845DE4002BCE9A5D006BFFC7 /* MainStoreView.swift */,
				845DE4022BCE9A83006BFFC7 /* ProfileView.swift */,
			);
			path = Tabs;
			sourceTree = "<group>";
		};
		845DE4122BCEAB58006BFFC7 /* ViewModels */ = {
			isa = PBXGroup;
			children = (
				845DE4132BCEAB8E006BFFC7 /* TabBarViewModel.swift */,
				84485C212BF0E5B500372EC3 /* BookingViewModel.swift */,
			);
			path = ViewModels;
			sourceTree = "<group>";
		};
		845DE4152BCEB0D5006BFFC7 /* Frameworks */ = {
			isa = PBXGroup;
			children = (
			);
			name = Frameworks;
			sourceTree = "<group>";
		};
		845DE4182BCEBBF8006BFFC7 /* Fonts */ = {
			isa = PBXGroup;
			children = (
				8414061A2BD240CD00F4D73C /* FSEmericWeb-Book.ttf */,
				8414061B2BD240CD00F4D73C /* FSEmericWeb-Core.ttf */,
				841406192BD240CD00F4D73C /* FSEmericWeb-CoreItalic.ttf */,
				8414061C2BD240CD00F4D73C /* FSEmericWeb-Medium.ttf */,
				841406182BD240CD00F4D73C /* sportson.ttf */,
			);
			path = Fonts;
			sourceTree = "<group>";
		};
		848690B92BCFBF690079FE74 /* Extensions */ = {
			isa = PBXGroup;
			children = (
				848690B82BCFBF690079FE74 /* Color+Extensions.swift */,
				848690BB2BCFBFF80079FE74 /* Notificationcenter.Name+Extension.swift */,
				848690BD2BCFC1020079FE74 /* NotificationCenter+Extension.swift */,
				841406232BD241EF00F4D73C /* Font+Extension.swift */,
			);
			path = Extensions;
			sourceTree = "<group>";
		};
		848690BF2BCFE2710079FE74 /* ViewModifiers */ = {
			isa = PBXGroup;
			children = (
				848690C02BCFE2AC0079FE74 /* BackgroundModifier.swift */,
				848690C62BCFF3640079FE74 /* FakeNavBar.swift */,
				8458909F2BD8EFB200270B9E /* FakeNavbarClip.swift */,
				841406252BD25FB900F4D73C /* RoundedCardModifier.swift */,
			);
			path = ViewModifiers;
			sourceTree = "<group>";
		};
		848690C22BCFE4820079FE74 /* Images */ = {
			isa = PBXGroup;
			children = (
				845DE3EF2BCD187F006BFFC7 /* Assets.xcassets */,
				84B292442BCFAFA700FD65C0 /* Images.xcassets */,
				841406162BD1501C00F4D73C /* video.mp4 */,
			);
			path = Images;
			sourceTree = "<group>";
		};
		848690C32BCFE4CD0079FE74 /* Styles */ = {
			isa = PBXGroup;
			children = (
				848690C42BCFE4FF0079FE74 /* CapsuleButtonYellowStyle.swift */,
			);
			path = Styles;
			sourceTree = "<group>";
		};
		848690C82BD109430079FE74 /* Subviews */ = {
			isa = PBXGroup;
			children = (
				848690C92BD1097E0079FE74 /* CategoryView.swift */,
				841406292BD28C5300F4D73C /* DottedLine.swift */,
			);
			path = Subviews;
			sourceTree = "<group>";
		};
/* End PBXGroup section */

/* Begin PBXNativeTarget section */
		8414065D2BD786BC00F4D73C /* SportsonClip */ = {
			isa = PBXNativeTarget;
			buildConfigurationList = 841406702BD786BD00F4D73C /* Build configuration list for PBXNativeTarget "SportsonClip" */;
			buildPhases = (
				8414065A2BD786BC00F4D73C /* Sources */,
				8414065B2BD786BC00F4D73C /* Frameworks */,
				8414065C2BD786BC00F4D73C /* Resources */,
			);
			buildRules = (
			);
			dependencies = (
			);
			name = SportsonClip;
			packageProductDependencies = (
				841406712BD7875A00F4D73C /* Core */,
				841406732BD7875F00F4D73C /* ShortcutFoundation */,
				8458909D2BD7E32B00270B9E /* ShortcutUI */,
			);
			productName = SportsonClip;
			productReference = 8414065E2BD786BC00F4D73C /* SportsonClip.app */;
			productType = "com.apple.product-type.application.on-demand-install-capable";
		};
		845DE3E72BCD187E006BFFC7 /* Sportson POC */ = {
			isa = PBXNativeTarget;
			buildConfigurationList = 845DE3F62BCD187F006BFFC7 /* Build configuration list for PBXNativeTarget "Sportson POC" */;
			buildPhases = (
				845DE3E42BCD187E006BFFC7 /* Sources */,
				845DE3E52BCD187E006BFFC7 /* Frameworks */,
				845DE3E62BCD187E006BFFC7 /* Resources */,
				841406422BD7861800F4D73C /* Embed App Clips */,
			);
			buildRules = (
			);
			dependencies = (
				8414066C2BD786BD00F4D73C /* PBXTargetDependency */,
			);
			name = "Sportson POC";
			packageProductDependencies = (
				845DE4082BCE9C66006BFFC7 /* ShortcutUI */,
				84B292402BCFAC2B00FD65C0 /* ShortcutFoundation */,
				84B292422BCFACA700FD65C0 /* Core */,
			);
			productName = "Sportson POC";
			productReference = 845DE3E82BCD187E006BFFC7 /* Sportson POC.app */;
			productType = "com.apple.product-type.application";
		};
/* End PBXNativeTarget section */

/* Begin PBXProject section */
		845DE3E02BCD187E006BFFC7 /* Project object */ = {
			isa = PBXProject;
			attributes = {
				BuildIndependentTargetsInParallel = 1;
				LastSwiftUpdateCheck = 1530;
				LastUpgradeCheck = 1530;
				TargetAttributes = {
					8414065D2BD786BC00F4D73C = {
						CreatedOnToolsVersion = 15.3;
					};
					845DE3E72BCD187E006BFFC7 = {
						CreatedOnToolsVersion = 15.3;
					};
				};
			};
			buildConfigurationList = 845DE3E32BCD187E006BFFC7 /* Build configuration list for PBXProject "Sportson POC" */;
			compatibilityVersion = "Xcode 14.0";
			developmentRegion = en;
			hasScannedForEncodings = 0;
			knownRegions = (
				en,
				Base,
			);
			mainGroup = 845DE3DF2BCD187E006BFFC7;
			packageReferences = (
				845DE4042BCE9C00006BFFC7 /* XCRemoteSwiftPackageReference "shortcut-foundation-ios" */,
				845DE4072BCE9C66006BFFC7 /* XCRemoteSwiftPackageReference "shortcut-swiftui-ios" */,
			);
			productRefGroup = 845DE3E92BCD187E006BFFC7 /* Products */;
			projectDirPath = "";
			projectRoot = "";
			targets = (
				845DE3E72BCD187E006BFFC7 /* Sportson POC */,
				8414065D2BD786BC00F4D73C /* SportsonClip */,
			);
		};
/* End PBXProject section */

/* Begin PBXResourcesBuildPhase section */
		8414065C2BD786BC00F4D73C /* Resources */ = {
			isa = PBXResourcesBuildPhase;
			buildActionMask = 2147483647;
			files = (
				8414068A2BD7B46200F4D73C /* Images.xcassets in Resources */,
				841406792BD787C700F4D73C /* FSEmericWeb-Book.ttf in Resources */,
				841406682BD786BD00F4D73C /* Preview Assets.xcassets in Resources */,
				8414067C2BD787CF00F4D73C /* FSEmericWeb-Medium.ttf in Resources */,
				8414067B2BD787CD00F4D73C /* FSEmericWeb-CoreItalic.ttf in Resources */,
				8414067A2BD787CA00F4D73C /* FSEmericWeb-Core.ttf in Resources */,
				8414067D2BD787D200F4D73C /* sportson.ttf in Resources */,
				841406892BD7B45E00F4D73C /* Assets.xcassets in Resources */,
				841406652BD786BD00F4D73C /* Assets.xcassets in Resources */,
			);
			runOnlyForDeploymentPostprocessing = 0;
		};
		845DE3E62BCD187E006BFFC7 /* Resources */ = {
			isa = PBXResourcesBuildPhase;
			buildActionMask = 2147483647;
			files = (
				8414061D2BD240CD00F4D73C /* sportson.ttf in Resources */,
				84B292452BCFAFA700FD65C0 /* Images.xcassets in Resources */,
				841406212BD240CD00F4D73C /* FSEmericWeb-Medium.ttf in Resources */,
				841406202BD240CD00F4D73C /* FSEmericWeb-Core.ttf in Resources */,
				845DE3F32BCD187F006BFFC7 /* Preview Assets.xcassets in Resources */,
				8414061F2BD240CD00F4D73C /* FSEmericWeb-Book.ttf in Resources */,
				845DE3F02BCD187F006BFFC7 /* Assets.xcassets in Resources */,
				8414061E2BD240CD00F4D73C /* FSEmericWeb-CoreItalic.ttf in Resources */,
				841406172BD1501C00F4D73C /* video.mp4 in Resources */,
			);
			runOnlyForDeploymentPostprocessing = 0;
		};
/* End PBXResourcesBuildPhase section */

/* Begin PBXSourcesBuildPhase section */
		8414065A2BD786BC00F4D73C /* Sources */ = {
			isa = PBXSourcesBuildPhase;
			buildActionMask = 2147483647;
			files = (
				841406782BD787B700F4D73C /* RoundedCardModifier.swift in Sources */,
				841406632BD786BC00F4D73C /* ContentView.swift in Sources */,
				841406612BD786BC00F4D73C /* SportsonClipApp.swift in Sources */,
				841406832BD7880B00F4D73C /* DottedLine.swift in Sources */,
				8414067F2BD787EA00F4D73C /* Color+Extensions.swift in Sources */,
				841406762BD787B100F4D73C /* BackgroundModifier.swift in Sources */,
				841406852BD78A7B00F4D73C /* SportsonClipModel.swift in Sources */,
				84485C202BEB7E4200372EC3 /* BookServiceModal.swift in Sources */,
				841406882BD7AACE00F4D73C /* AppClipConfig.swift in Sources */,
				845890A12BD8EFE200270B9E /* FakeNavbarClip.swift in Sources */,
				841406822BD787FA00F4D73C /* Notificationcenter.Name+Extension.swift in Sources */,
				841406802BD787EF00F4D73C /* Font+Extension.swift in Sources */,
				841406752BD7879A00F4D73C /* MyBicycleView.swift in Sources */,
				845890A22BD8F1F200270B9E /* FakeNavBar.swift in Sources */,
				8414068B2BD7B66700F4D73C /* MyBikeModal.swift in Sources */,
				84485C832BF3514800372EC3 /* NotificationManager.swift in Sources */,
				841406812BD787F700F4D73C /* NotificationCenter+Extension.swift in Sources */,
				84485C232BF0E5B500372EC3 /* BookingViewModel.swift in Sources */,
				8414067E2BD787DB00F4D73C /* CapsuleButtonYellowStyle.swift in Sources */,
			);
			runOnlyForDeploymentPostprocessing = 0;
		};
		845DE3E42BCD187E006BFFC7 /* Sources */ = {
			isa = PBXSourcesBuildPhase;
			buildActionMask = 2147483647;
			files = (
				841406152BD126BD00F4D73C /* ShopViewModal.swift in Sources */,
				845DE3FB2BCE99C2006BFFC7 /* LoginView.swift in Sources */,
				845DE4142BCEAB8E006BFFC7 /* TabBarViewModel.swift in Sources */,
				845DE4012BCE9A5D006BFFC7 /* MainStoreView.swift in Sources */,
				841406262BD25FB900F4D73C /* RoundedCardModifier.swift in Sources */,
				845DE4112BCEAB1B006BFFC7 /* TabBarView.swift in Sources */,
				845890A32BD8F1F400270B9E /* FakeNavbarClip.swift in Sources */,
				841406282BD27C0F00F4D73C /* MyBikeModal.swift in Sources */,
				848690C72BCFF3640079FE74 /* FakeNavBar.swift in Sources */,
				845DE3EE2BCD187E006BFFC7 /* ContentView.swift in Sources */,
				848690CA2BD1097E0079FE74 /* CategoryView.swift in Sources */,
				848690C52BCFE4FF0079FE74 /* CapsuleButtonYellowStyle.swift in Sources */,
				848690BE2BCFC1020079FE74 /* NotificationCenter+Extension.swift in Sources */,
				848690BC2BCFBFF80079FE74 /* Notificationcenter.Name+Extension.swift in Sources */,
				848690BA2BCFBF690079FE74 /* Color+Extensions.swift in Sources */,
				845DE40C2BCE9FC6006BFFC7 /* AppConfig.swift in Sources */,
				845DE3FF2BCE9A10006BFFC7 /* MyBicycleView.swift in Sources */,
				841406242BD241EF00F4D73C /* Font+Extension.swift in Sources */,
				845DE4032BCE9A83006BFFC7 /* ProfileView.swift in Sources */,
				84485C1F2BEB7E4200372EC3 /* BookServiceModal.swift in Sources */,
				8414062A2BD28C5300F4D73C /* DottedLine.swift in Sources */,
				848690C12BCFE2AC0079FE74 /* BackgroundModifier.swift in Sources */,
				84485C822BF3514800372EC3 /* NotificationManager.swift in Sources */,
				84485C222BF0E5B500372EC3 /* BookingViewModel.swift in Sources */,
				845DE3EC2BCD187E006BFFC7 /* Sportson_POCApp.swift in Sources */,
			);
			runOnlyForDeploymentPostprocessing = 0;
		};
/* End PBXSourcesBuildPhase section */

/* Begin PBXTargetDependency section */
		8414066C2BD786BD00F4D73C /* PBXTargetDependency */ = {
			isa = PBXTargetDependency;
			target = 8414065D2BD786BC00F4D73C /* SportsonClip */;
			targetProxy = 8414066B2BD786BD00F4D73C /* PBXContainerItemProxy */;
		};
/* End PBXTargetDependency section */

/* Begin XCBuildConfiguration section */
		8414066E2BD786BD00F4D73C /* Debug */ = {
			isa = XCBuildConfiguration;
			buildSettings = {
				ASSETCATALOG_COMPILER_APPICON_NAME = AppIcon;
				ASSETCATALOG_COMPILER_GLOBAL_ACCENT_COLOR_NAME = AccentColor;
				CODE_SIGN_ENTITLEMENTS = SportsonClip/SportsonClip.entitlements;
				CODE_SIGN_STYLE = Automatic;
				CURRENT_PROJECT_VERSION = 1;
				DEVELOPMENT_ASSET_PATHS = "\"SportsonClip/Preview Content\"";
				DEVELOPMENT_TEAM = P4KHK354DV;
				ENABLE_PREVIEWS = YES;
				GENERATE_INFOPLIST_FILE = YES;
				INFOPLIST_FILE = SportsonClip/Info.plist;
				INFOPLIST_KEY_CFBundleDisplayName = "Sportson POC";
				INFOPLIST_KEY_NSCameraUsageDescription = "We use camera to scan QRcodes";
				INFOPLIST_KEY_UIApplicationSceneManifest_Generation = YES;
				INFOPLIST_KEY_UIApplicationSupportsIndirectInputEvents = YES;
				INFOPLIST_KEY_UILaunchScreen_Generation = YES;
				INFOPLIST_KEY_UISupportedInterfaceOrientations = UIInterfaceOrientationPortrait;
				INFOPLIST_KEY_UISupportedInterfaceOrientations_iPad = "UIInterfaceOrientationLandscapeLeft UIInterfaceOrientationLandscapeRight UIInterfaceOrientationPortrait UIInterfaceOrientationPortraitUpsideDown";
				IPHONEOS_DEPLOYMENT_TARGET = 17.0;
				LD_RUNPATH_SEARCH_PATHS = (
					"$(inherited)",
					"@executable_path/Frameworks",
				);
				MARKETING_VERSION = 1.0;
				PRODUCT_BUNDLE_IDENTIFIER = "com.marcog.shortcut.Sportson-POC.Clip";
				PRODUCT_NAME = "$(TARGET_NAME)";
				SUPPORTED_PLATFORMS = "iphoneos iphonesimulator";
				SUPPORTS_MACCATALYST = NO;
				SUPPORTS_MAC_DESIGNED_FOR_IPHONE_IPAD = NO;
				SUPPORTS_XR_DESIGNED_FOR_IPHONE_IPAD = NO;
				SWIFT_EMIT_LOC_STRINGS = YES;
				SWIFT_VERSION = 5.0;
				TARGETED_DEVICE_FAMILY = 1;
			};
			name = Debug;
		};
		8414066F2BD786BD00F4D73C /* Release */ = {
			isa = XCBuildConfiguration;
			buildSettings = {
				ASSETCATALOG_COMPILER_APPICON_NAME = AppIcon;
				ASSETCATALOG_COMPILER_GLOBAL_ACCENT_COLOR_NAME = AccentColor;
				CODE_SIGN_ENTITLEMENTS = SportsonClip/SportsonClip.entitlements;
				CODE_SIGN_STYLE = Automatic;
				CURRENT_PROJECT_VERSION = 1;
				DEVELOPMENT_ASSET_PATHS = "\"SportsonClip/Preview Content\"";
				DEVELOPMENT_TEAM = P4KHK354DV;
				ENABLE_PREVIEWS = YES;
				GENERATE_INFOPLIST_FILE = YES;
				INFOPLIST_FILE = SportsonClip/Info.plist;
				INFOPLIST_KEY_CFBundleDisplayName = "Sportson POC";
				INFOPLIST_KEY_NSCameraUsageDescription = "We use camera to scan QRcodes";
				INFOPLIST_KEY_UIApplicationSceneManifest_Generation = YES;
				INFOPLIST_KEY_UIApplicationSupportsIndirectInputEvents = YES;
				INFOPLIST_KEY_UILaunchScreen_Generation = YES;
				INFOPLIST_KEY_UISupportedInterfaceOrientations = UIInterfaceOrientationPortrait;
				INFOPLIST_KEY_UISupportedInterfaceOrientations_iPad = "UIInterfaceOrientationLandscapeLeft UIInterfaceOrientationLandscapeRight UIInterfaceOrientationPortrait UIInterfaceOrientationPortraitUpsideDown";
				IPHONEOS_DEPLOYMENT_TARGET = 17.0;
				LD_RUNPATH_SEARCH_PATHS = (
					"$(inherited)",
					"@executable_path/Frameworks",
				);
				MARKETING_VERSION = 1.0;
				PRODUCT_BUNDLE_IDENTIFIER = "com.marcog.shortcut.Sportson-POC.Clip";
				PRODUCT_NAME = "$(TARGET_NAME)";
				SUPPORTED_PLATFORMS = "iphoneos iphonesimulator";
				SUPPORTS_MACCATALYST = NO;
				SUPPORTS_MAC_DESIGNED_FOR_IPHONE_IPAD = NO;
				SUPPORTS_XR_DESIGNED_FOR_IPHONE_IPAD = NO;
				SWIFT_EMIT_LOC_STRINGS = YES;
				SWIFT_VERSION = 5.0;
				TARGETED_DEVICE_FAMILY = 1;
			};
			name = Release;
		};
		845DE3F42BCD187F006BFFC7 /* Debug */ = {
			isa = XCBuildConfiguration;
			buildSettings = {
				ALWAYS_SEARCH_USER_PATHS = NO;
				ASSETCATALOG_COMPILER_GENERATE_SWIFT_ASSET_SYMBOL_EXTENSIONS = YES;
				CLANG_ANALYZER_NONNULL = YES;
				CLANG_ANALYZER_NUMBER_OBJECT_CONVERSION = YES_AGGRESSIVE;
				CLANG_CXX_LANGUAGE_STANDARD = "gnu++20";
				CLANG_ENABLE_MODULES = YES;
				CLANG_ENABLE_OBJC_ARC = YES;
				CLANG_ENABLE_OBJC_WEAK = YES;
				CLANG_WARN_BLOCK_CAPTURE_AUTORELEASING = YES;
				CLANG_WARN_BOOL_CONVERSION = YES;
				CLANG_WARN_COMMA = YES;
				CLANG_WARN_CONSTANT_CONVERSION = YES;
				CLANG_WARN_DEPRECATED_OBJC_IMPLEMENTATIONS = YES;
				CLANG_WARN_DIRECT_OBJC_ISA_USAGE = YES_ERROR;
				CLANG_WARN_DOCUMENTATION_COMMENTS = YES;
				CLANG_WARN_EMPTY_BODY = YES;
				CLANG_WARN_ENUM_CONVERSION = YES;
				CLANG_WARN_INFINITE_RECURSION = YES;
				CLANG_WARN_INT_CONVERSION = YES;
				CLANG_WARN_NON_LITERAL_NULL_CONVERSION = YES;
				CLANG_WARN_OBJC_IMPLICIT_RETAIN_SELF = YES;
				CLANG_WARN_OBJC_LITERAL_CONVERSION = YES;
				CLANG_WARN_OBJC_ROOT_CLASS = YES_ERROR;
				CLANG_WARN_QUOTED_INCLUDE_IN_FRAMEWORK_HEADER = YES;
				CLANG_WARN_RANGE_LOOP_ANALYSIS = YES;
				CLANG_WARN_STRICT_PROTOTYPES = YES;
				CLANG_WARN_SUSPICIOUS_MOVE = YES;
				CLANG_WARN_UNGUARDED_AVAILABILITY = YES_AGGRESSIVE;
				CLANG_WARN_UNREACHABLE_CODE = YES;
				CLANG_WARN__DUPLICATE_METHOD_MATCH = YES;
				COPY_PHASE_STRIP = NO;
				DEBUG_INFORMATION_FORMAT = dwarf;
				ENABLE_STRICT_OBJC_MSGSEND = YES;
				ENABLE_TESTABILITY = YES;
				ENABLE_USER_SCRIPT_SANDBOXING = YES;
				GCC_C_LANGUAGE_STANDARD = gnu17;
				GCC_DYNAMIC_NO_PIC = NO;
				GCC_NO_COMMON_BLOCKS = YES;
				GCC_OPTIMIZATION_LEVEL = 0;
				GCC_PREPROCESSOR_DEFINITIONS = (
					"DEBUG=1",
					"$(inherited)",
				);
				GCC_WARN_64_TO_32_BIT_CONVERSION = YES;
				GCC_WARN_ABOUT_RETURN_TYPE = YES_ERROR;
				GCC_WARN_UNDECLARED_SELECTOR = YES;
				GCC_WARN_UNINITIALIZED_AUTOS = YES_AGGRESSIVE;
				GCC_WARN_UNUSED_FUNCTION = YES;
				GCC_WARN_UNUSED_VARIABLE = YES;
				IPHONEOS_DEPLOYMENT_TARGET = 17.4;
				LOCALIZATION_PREFERS_STRING_CATALOGS = YES;
				MTL_ENABLE_DEBUG_INFO = INCLUDE_SOURCE;
				MTL_FAST_MATH = YES;
				ONLY_ACTIVE_ARCH = YES;
				SDKROOT = iphoneos;
				SWIFT_ACTIVE_COMPILATION_CONDITIONS = "DEBUG $(inherited)";
				SWIFT_OPTIMIZATION_LEVEL = "-Onone";
			};
			name = Debug;
		};
		845DE3F52BCD187F006BFFC7 /* Release */ = {
			isa = XCBuildConfiguration;
			buildSettings = {
				ALWAYS_SEARCH_USER_PATHS = NO;
				ASSETCATALOG_COMPILER_GENERATE_SWIFT_ASSET_SYMBOL_EXTENSIONS = YES;
				CLANG_ANALYZER_NONNULL = YES;
				CLANG_ANALYZER_NUMBER_OBJECT_CONVERSION = YES_AGGRESSIVE;
				CLANG_CXX_LANGUAGE_STANDARD = "gnu++20";
				CLANG_ENABLE_MODULES = YES;
				CLANG_ENABLE_OBJC_ARC = YES;
				CLANG_ENABLE_OBJC_WEAK = YES;
				CLANG_WARN_BLOCK_CAPTURE_AUTORELEASING = YES;
				CLANG_WARN_BOOL_CONVERSION = YES;
				CLANG_WARN_COMMA = YES;
				CLANG_WARN_CONSTANT_CONVERSION = YES;
				CLANG_WARN_DEPRECATED_OBJC_IMPLEMENTATIONS = YES;
				CLANG_WARN_DIRECT_OBJC_ISA_USAGE = YES_ERROR;
				CLANG_WARN_DOCUMENTATION_COMMENTS = YES;
				CLANG_WARN_EMPTY_BODY = YES;
				CLANG_WARN_ENUM_CONVERSION = YES;
				CLANG_WARN_INFINITE_RECURSION = YES;
				CLANG_WARN_INT_CONVERSION = YES;
				CLANG_WARN_NON_LITERAL_NULL_CONVERSION = YES;
				CLANG_WARN_OBJC_IMPLICIT_RETAIN_SELF = YES;
				CLANG_WARN_OBJC_LITERAL_CONVERSION = YES;
				CLANG_WARN_OBJC_ROOT_CLASS = YES_ERROR;
				CLANG_WARN_QUOTED_INCLUDE_IN_FRAMEWORK_HEADER = YES;
				CLANG_WARN_RANGE_LOOP_ANALYSIS = YES;
				CLANG_WARN_STRICT_PROTOTYPES = YES;
				CLANG_WARN_SUSPICIOUS_MOVE = YES;
				CLANG_WARN_UNGUARDED_AVAILABILITY = YES_AGGRESSIVE;
				CLANG_WARN_UNREACHABLE_CODE = YES;
				CLANG_WARN__DUPLICATE_METHOD_MATCH = YES;
				COPY_PHASE_STRIP = NO;
				DEBUG_INFORMATION_FORMAT = "dwarf-with-dsym";
				ENABLE_NS_ASSERTIONS = NO;
				ENABLE_STRICT_OBJC_MSGSEND = YES;
				ENABLE_USER_SCRIPT_SANDBOXING = YES;
				GCC_C_LANGUAGE_STANDARD = gnu17;
				GCC_NO_COMMON_BLOCKS = YES;
				GCC_WARN_64_TO_32_BIT_CONVERSION = YES;
				GCC_WARN_ABOUT_RETURN_TYPE = YES_ERROR;
				GCC_WARN_UNDECLARED_SELECTOR = YES;
				GCC_WARN_UNINITIALIZED_AUTOS = YES_AGGRESSIVE;
				GCC_WARN_UNUSED_FUNCTION = YES;
				GCC_WARN_UNUSED_VARIABLE = YES;
				IPHONEOS_DEPLOYMENT_TARGET = 17.4;
				LOCALIZATION_PREFERS_STRING_CATALOGS = YES;
				MTL_ENABLE_DEBUG_INFO = NO;
				MTL_FAST_MATH = YES;
				SDKROOT = iphoneos;
				SWIFT_COMPILATION_MODE = wholemodule;
				VALIDATE_PRODUCT = YES;
			};
			name = Release;
		};
		845DE3F72BCD187F006BFFC7 /* Debug */ = {
			isa = XCBuildConfiguration;
			buildSettings = {
				ALWAYS_EMBED_SWIFT_STANDARD_LIBRARIES = YES;
				ASSETCATALOG_COMPILER_APPICON_NAME = AppIcon;
				ASSETCATALOG_COMPILER_GLOBAL_ACCENT_COLOR_NAME = AccentColor;
				CODE_SIGN_ENTITLEMENTS = "Sportson POC/Sportson-POC.entitlements";
				CODE_SIGN_STYLE = Automatic;
				CURRENT_PROJECT_VERSION = 1;
				DEVELOPMENT_ASSET_PATHS = "\"Sportson POC/Preview Content\"";
				DEVELOPMENT_TEAM = P4KHK354DV;
				ENABLE_PREVIEWS = YES;
				GENERATE_INFOPLIST_FILE = YES;
				INFOPLIST_FILE = "Sportson-POC-Info.plist";
				INFOPLIST_KEY_NSCameraUsageDescription = "This app needs to use the camera to register a product";
				INFOPLIST_KEY_UIApplicationSceneManifest_Generation = YES;
				INFOPLIST_KEY_UIApplicationSupportsIndirectInputEvents = YES;
				INFOPLIST_KEY_UILaunchScreen_Generation = YES;
				INFOPLIST_KEY_UISupportedInterfaceOrientations = UIInterfaceOrientationPortrait;
				INFOPLIST_KEY_UISupportedInterfaceOrientations_iPad = "UIInterfaceOrientationLandscapeLeft UIInterfaceOrientationLandscapeRight UIInterfaceOrientationPortrait UIInterfaceOrientationPortraitUpsideDown";
				IPHONEOS_DEPLOYMENT_TARGET = 17.0;
				LD_RUNPATH_SEARCH_PATHS = (
					"$(inherited)",
					"@executable_path/Frameworks",
				);
				MARKETING_VERSION = 1.0;
				PRODUCT_BUNDLE_IDENTIFIER = "com.marcog.shortcut.Sportson-POC";
				PRODUCT_NAME = "$(TARGET_NAME)";
				SUPPORTED_PLATFORMS = "iphoneos iphonesimulator";
				SUPPORTS_MACCATALYST = NO;
				SUPPORTS_MAC_DESIGNED_FOR_IPHONE_IPAD = NO;
				SUPPORTS_XR_DESIGNED_FOR_IPHONE_IPAD = NO;
				SWIFT_EMIT_LOC_STRINGS = YES;
				SWIFT_VERSION = 5.0;
				TARGETED_DEVICE_FAMILY = 1;
			};
			name = Debug;
		};
		845DE3F82BCD187F006BFFC7 /* Release */ = {
			isa = XCBuildConfiguration;
			buildSettings = {
				ALWAYS_EMBED_SWIFT_STANDARD_LIBRARIES = YES;
				ASSETCATALOG_COMPILER_APPICON_NAME = AppIcon;
				ASSETCATALOG_COMPILER_GLOBAL_ACCENT_COLOR_NAME = AccentColor;
				CODE_SIGN_ENTITLEMENTS = "Sportson POC/Sportson-POC.entitlements";
				CODE_SIGN_STYLE = Automatic;
				CURRENT_PROJECT_VERSION = 1;
				DEVELOPMENT_ASSET_PATHS = "\"Sportson POC/Preview Content\"";
				DEVELOPMENT_TEAM = P4KHK354DV;
				ENABLE_PREVIEWS = YES;
				GENERATE_INFOPLIST_FILE = YES;
				INFOPLIST_FILE = "Sportson-POC-Info.plist";
				INFOPLIST_KEY_NSCameraUsageDescription = "This app needs to use the camera to register a product";
				INFOPLIST_KEY_UIApplicationSceneManifest_Generation = YES;
				INFOPLIST_KEY_UIApplicationSupportsIndirectInputEvents = YES;
				INFOPLIST_KEY_UILaunchScreen_Generation = YES;
				INFOPLIST_KEY_UISupportedInterfaceOrientations = UIInterfaceOrientationPortrait;
				INFOPLIST_KEY_UISupportedInterfaceOrientations_iPad = "UIInterfaceOrientationLandscapeLeft UIInterfaceOrientationLandscapeRight UIInterfaceOrientationPortrait UIInterfaceOrientationPortraitUpsideDown";
				IPHONEOS_DEPLOYMENT_TARGET = 17.0;
				LD_RUNPATH_SEARCH_PATHS = (
					"$(inherited)",
					"@executable_path/Frameworks",
				);
				MARKETING_VERSION = 1.0;
				PRODUCT_BUNDLE_IDENTIFIER = "com.marcog.shortcut.Sportson-POC";
				PRODUCT_NAME = "$(TARGET_NAME)";
				SUPPORTED_PLATFORMS = "iphoneos iphonesimulator";
				SUPPORTS_MACCATALYST = NO;
				SUPPORTS_MAC_DESIGNED_FOR_IPHONE_IPAD = NO;
				SUPPORTS_XR_DESIGNED_FOR_IPHONE_IPAD = NO;
				SWIFT_EMIT_LOC_STRINGS = YES;
				SWIFT_VERSION = 5.0;
				TARGETED_DEVICE_FAMILY = 1;
			};
			name = Release;
		};
/* End XCBuildConfiguration section */

/* Begin XCConfigurationList section */
		841406702BD786BD00F4D73C /* Build configuration list for PBXNativeTarget "SportsonClip" */ = {
			isa = XCConfigurationList;
			buildConfigurations = (
				8414066E2BD786BD00F4D73C /* Debug */,
				8414066F2BD786BD00F4D73C /* Release */,
			);
			defaultConfigurationIsVisible = 0;
			defaultConfigurationName = Release;
		};
		845DE3E32BCD187E006BFFC7 /* Build configuration list for PBXProject "Sportson POC" */ = {
			isa = XCConfigurationList;
			buildConfigurations = (
				845DE3F42BCD187F006BFFC7 /* Debug */,
				845DE3F52BCD187F006BFFC7 /* Release */,
			);
			defaultConfigurationIsVisible = 0;
			defaultConfigurationName = Release;
		};
		845DE3F62BCD187F006BFFC7 /* Build configuration list for PBXNativeTarget "Sportson POC" */ = {
			isa = XCConfigurationList;
			buildConfigurations = (
				845DE3F72BCD187F006BFFC7 /* Debug */,
				845DE3F82BCD187F006BFFC7 /* Release */,
			);
			defaultConfigurationIsVisible = 0;
			defaultConfigurationName = Release;
		};
/* End XCConfigurationList section */

/* Begin XCRemoteSwiftPackageReference section */
		845DE4042BCE9C00006BFFC7 /* XCRemoteSwiftPackageReference "shortcut-foundation-ios" */ = {
			isa = XCRemoteSwiftPackageReference;
			repositoryURL = "git@github.com:shortcut/shortcut-foundation-ios.git";
			requirement = {
				kind = upToNextMajorVersion;
				minimumVersion = 1.0.4;
			};
		};
		845DE4072BCE9C66006BFFC7 /* XCRemoteSwiftPackageReference "shortcut-swiftui-ios" */ = {
			isa = XCRemoteSwiftPackageReference;
			repositoryURL = "git@github.com:shortcut/shortcut-swiftui-ios.git";
			requirement = {
				kind = upToNextMajorVersion;
				minimumVersion = 1.0.7;
			};
		};
/* End XCRemoteSwiftPackageReference section */

/* Begin XCSwiftPackageProductDependency section */
		841406712BD7875A00F4D73C /* Core */ = {
			isa = XCSwiftPackageProductDependency;
			productName = Core;
		};
		841406732BD7875F00F4D73C /* ShortcutFoundation */ = {
			isa = XCSwiftPackageProductDependency;
			package = 845DE4042BCE9C00006BFFC7 /* XCRemoteSwiftPackageReference "shortcut-foundation-ios" */;
			productName = ShortcutFoundation;
		};
		8458909D2BD7E32B00270B9E /* ShortcutUI */ = {
			isa = XCSwiftPackageProductDependency;
			package = 845DE4072BCE9C66006BFFC7 /* XCRemoteSwiftPackageReference "shortcut-swiftui-ios" */;
			productName = ShortcutUI;
		};
		845DE4082BCE9C66006BFFC7 /* ShortcutUI */ = {
			isa = XCSwiftPackageProductDependency;
			package = 845DE4072BCE9C66006BFFC7 /* XCRemoteSwiftPackageReference "shortcut-swiftui-ios" */;
			productName = ShortcutUI;
		};
		84B292402BCFAC2B00FD65C0 /* ShortcutFoundation */ = {
			isa = XCSwiftPackageProductDependency;
			package = 845DE4042BCE9C00006BFFC7 /* XCRemoteSwiftPackageReference "shortcut-foundation-ios" */;
			productName = ShortcutFoundation;
		};
		84B292422BCFACA700FD65C0 /* Core */ = {
			isa = XCSwiftPackageProductDependency;
			productName = Core;
		};
/* End XCSwiftPackageProductDependency section */
	};
	rootObject = 845DE3E02BCD187E006BFFC7 /* Project object */;
}
